version: 5
environments:
  default:
    channels:
    - url: https://conda.anaconda.org/conda-forge/
    indexes:
    - https://pypi.org/simple
    packages:
      win-64:
      - conda: https://conda.anaconda.org/conda-forge/noarch/annotated-types-0.6.0-pyhd8ed1ab_0.conda
      - conda: https://conda.anaconda.org/conda-forge/noarch/anyio-4.3.0-pyhd8ed1ab_0.conda
      - conda: https://conda.anaconda.org/conda-forge/noarch/blinker-1.8.2-pyhd8ed1ab_0.conda
      - conda: https://conda.anaconda.org/conda-forge/win-64/bzip2-1.0.8-hcfcfb64_5.conda
      - conda: https://conda.anaconda.org/conda-forge/win-64/ca-certificates-2024.2.2-h56e8100_0.conda
      - conda: https://conda.anaconda.org/conda-forge/noarch/certifi-2024.2.2-pyhd8ed1ab_0.conda
      - conda: https://conda.anaconda.org/conda-forge/noarch/click-8.1.7-win_pyh7428d3b_0.conda
      - conda: https://conda.anaconda.org/conda-forge/noarch/colorama-0.4.6-pyhd8ed1ab_0.tar.bz2
      - conda: https://conda.anaconda.org/conda-forge/noarch/deprecation-2.1.0-pyh9f0ad1d_0.tar.bz2
      - conda: https://conda.anaconda.org/conda-forge/noarch/exceptiongroup-1.2.0-pyhd8ed1ab_2.conda
      - conda: https://conda.anaconda.org/conda-forge/noarch/flask-3.0.3-pyhd8ed1ab_0.conda
      - conda: https://conda.anaconda.org/conda-forge/noarch/flask-wtf-1.2.1-pyhd8ed1ab_0.conda
      - conda: https://conda.anaconda.org/conda-forge/noarch/gotrue-2.4.2-pyhd8ed1ab_0.conda
      - conda: https://conda.anaconda.org/conda-forge/noarch/h11-0.14.0-pyhd8ed1ab_0.tar.bz2
      - conda: https://conda.anaconda.org/conda-forge/noarch/h2-4.1.0-pyhd8ed1ab_0.tar.bz2
      - conda: https://conda.anaconda.org/conda-forge/noarch/hpack-4.0.0-pyh9f0ad1d_0.tar.bz2
      - conda: https://conda.anaconda.org/conda-forge/noarch/httpcore-1.0.5-pyhd8ed1ab_0.conda
      - conda: https://conda.anaconda.org/conda-forge/noarch/httpx-0.25.2-pyhd8ed1ab_0.conda
      - conda: https://conda.anaconda.org/conda-forge/noarch/hyperframe-6.0.1-pyhd8ed1ab_0.tar.bz2
      - conda: https://conda.anaconda.org/conda-forge/noarch/idna-3.7-pyhd8ed1ab_0.conda
      - conda: https://conda.anaconda.org/conda-forge/noarch/importlib-metadata-7.1.0-pyha770c72_0.conda
      - conda: https://conda.anaconda.org/conda-forge/noarch/itsdangerous-2.2.0-pyhd8ed1ab_0.conda
      - conda: https://conda.anaconda.org/conda-forge/noarch/jinja2-3.1.3-pyhd8ed1ab_0.conda
      - conda: https://conda.anaconda.org/conda-forge/win-64/libexpat-2.6.2-h63175ca_0.conda
      - conda: https://conda.anaconda.org/conda-forge/win-64/libffi-3.4.2-h8ffe710_5.tar.bz2
      - conda: https://conda.anaconda.org/conda-forge/win-64/libsqlite-3.45.3-hcfcfb64_0.conda
      - conda: https://conda.anaconda.org/conda-forge/win-64/libzlib-1.2.13-hcfcfb64_5.conda
      - conda: https://conda.anaconda.org/conda-forge/win-64/markupsafe-2.1.5-py312he70551f_0.conda
      - conda: https://conda.anaconda.org/conda-forge/win-64/openssl-3.3.0-hcfcfb64_0.conda
      - conda: https://conda.anaconda.org/conda-forge/noarch/packaging-24.0-pyhd8ed1ab_0.conda
      - conda: https://conda.anaconda.org/conda-forge/noarch/postgrest-0.16.4-pyhd8ed1ab_0.conda
      - conda: https://conda.anaconda.org/conda-forge/noarch/pydantic-2.7.1-pyhd8ed1ab_0.conda
      - conda: https://conda.anaconda.org/conda-forge/win-64/pydantic-core-2.18.2-py312h2615798_0.conda
      - conda: https://conda.anaconda.org/conda-forge/win-64/python-3.12.3-h2628c8c_0_cpython.conda
      - conda: https://conda.anaconda.org/conda-forge/noarch/python-dateutil-2.9.0-pyhd8ed1ab_0.conda
      - conda: https://conda.anaconda.org/conda-forge/noarch/python-dotenv-1.0.1-pyhd8ed1ab_0.conda
      - conda: https://conda.anaconda.org/conda-forge/win-64/python_abi-3.12-4_cp312.conda
      - conda: https://conda.anaconda.org/conda-forge/noarch/realtime-1.0.4-pyhd8ed1ab_0.conda
      - conda: https://conda.anaconda.org/conda-forge/noarch/six-1.16.0-pyh6c4a22f_0.tar.bz2
      - conda: https://conda.anaconda.org/conda-forge/noarch/sniffio-1.3.1-pyhd8ed1ab_0.conda
      - conda: https://conda.anaconda.org/conda-forge/noarch/storage3-0.7.4-pyhd8ed1ab_0.conda
      - conda: https://conda.anaconda.org/conda-forge/noarch/strenum-0.4.15-pyhd8ed1ab_0.conda
      - conda: https://conda.anaconda.org/conda-forge/noarch/supabase-2.4.5-pyhd8ed1ab_0.conda
      - conda: https://conda.anaconda.org/conda-forge/noarch/supafunc-0.4.5-pyhd8ed1ab_0.conda
      - conda: https://conda.anaconda.org/conda-forge/win-64/tk-8.6.13-h5226925_1.conda
      - conda: https://conda.anaconda.org/conda-forge/noarch/typing-extensions-4.11.0-hd8ed1ab_0.conda
      - conda: https://conda.anaconda.org/conda-forge/noarch/typing_extensions-4.11.0-pyha770c72_0.conda
      - conda: https://conda.anaconda.org/conda-forge/noarch/tzdata-2024a-h0c530f3_0.conda
      - conda: https://conda.anaconda.org/conda-forge/win-64/ucrt-10.0.22621.0-h57928b3_0.tar.bz2
      - conda: https://conda.anaconda.org/conda-forge/win-64/vc-14.3-hcf57466_18.conda
      - conda: https://conda.anaconda.org/conda-forge/win-64/vc14_runtime-14.38.33130-h82b7239_18.conda
      - conda: https://conda.anaconda.org/conda-forge/win-64/vs2015_runtime-14.38.33130-hcb4865c_18.conda
      - conda: https://conda.anaconda.org/conda-forge/win-64/websockets-12.0-py312he70551f_0.conda
      - conda: https://conda.anaconda.org/conda-forge/noarch/werkzeug-3.0.3-pyhd8ed1ab_0.conda
      - conda: https://conda.anaconda.org/conda-forge/noarch/wtforms-3.1.2-pyhd8ed1ab_0.conda
      - conda: https://conda.anaconda.org/conda-forge/win-64/xz-5.2.6-h8d14728_0.tar.bz2
      - conda: https://conda.anaconda.org/conda-forge/noarch/zipp-3.17.0-pyhd8ed1ab_0.conda
      - pypi: .
packages:
- kind: conda
  name: annotated-types
  version: 0.6.0
  build: pyhd8ed1ab_0
  subdir: noarch
  noarch: python
  url: https://conda.anaconda.org/conda-forge/noarch/annotated-types-0.6.0-pyhd8ed1ab_0.conda
  sha256: 3a2c98154d95cfd54daba6b7d507d31f5ba07ac2ad955c44eb041b66563193cd
  md5: 997c29372bdbe2afee073dff71f35923
  depends:
  - python >=3.7
  - typing-extensions >=4.0.0
  license: MIT
  license_family: MIT
  purls:
  - pkg:pypi/annotated-types
  size: 17026
  timestamp: 1696634393637
- kind: conda
  name: anyio
  version: 4.3.0
  build: pyhd8ed1ab_0
  subdir: noarch
  noarch: python
  url: https://conda.anaconda.org/conda-forge/noarch/anyio-4.3.0-pyhd8ed1ab_0.conda
  sha256: 86aca4a31c09f9b4dbdb332cd9a6a7dbab62ca734d3f832651c0ab59c6a7f52e
  md5: ac95aa8ed65adfdde51132595c79aade
  depends:
  - exceptiongroup >=1.0.2
  - idna >=2.8
  - python >=3.8
  - sniffio >=1.1
  - typing_extensions >=4.1
  constrains:
  - trio >=0.23
  - uvloop >=0.17
  license: MIT
  license_family: MIT
  purls:
  - pkg:pypi/anyio
  size: 102331
  timestamp: 1708355504396
- kind: conda
  name: blinker
  version: 1.8.2
  build: pyhd8ed1ab_0
  subdir: noarch
  noarch: python
  url: https://conda.anaconda.org/conda-forge/noarch/blinker-1.8.2-pyhd8ed1ab_0.conda
  sha256: 8ca3cd8f78d0607df28c9f76adb9800348f8f2dc8aa49d188a995a0acdc4477d
  md5: cf85c002319c15e9721934104aaa1137
  depends:
  - python >=3.8
  license: MIT
  purls:
  - pkg:pypi/blinker
  size: 14707
  timestamp: 1715091300511
- kind: conda
  name: bzip2
  version: 1.0.8
  build: hcfcfb64_5
  build_number: 5
  subdir: win-64
  url: https://conda.anaconda.org/conda-forge/win-64/bzip2-1.0.8-hcfcfb64_5.conda
  sha256: ae5f47a5c86fd6db822931255dcf017eb12f60c77f07dc782ccb477f7808aab2
  md5: 26eb8ca6ea332b675e11704cce84a3be
  depends:
  - ucrt >=10.0.20348.0
  - vc >=14.2,<15
  - vc14_runtime >=14.29.30139
  license: bzip2-1.0.6
  license_family: BSD
  size: 124580
  timestamp: 1699280668742
- kind: conda
  name: ca-certificates
  version: 2024.2.2
  build: h56e8100_0
  subdir: win-64
  url: https://conda.anaconda.org/conda-forge/win-64/ca-certificates-2024.2.2-h56e8100_0.conda
  sha256: 4d587088ecccd393fec3420b64f1af4ee1a0e6897a45cfd5ef38055322cea5d0
  md5: 63da060240ab8087b60d1357051ea7d6
  license: ISC
  size: 155886
  timestamp: 1706843918052
- kind: conda
  name: certifi
  version: 2024.2.2
  build: pyhd8ed1ab_0
  subdir: noarch
  noarch: python
  url: https://conda.anaconda.org/conda-forge/noarch/certifi-2024.2.2-pyhd8ed1ab_0.conda
  sha256: f1faca020f988696e6b6ee47c82524c7806380b37cfdd1def32f92c326caca54
  md5: 0876280e409658fc6f9e75d035960333
  depends:
  - python >=3.7
  license: ISC
  purls:
  - pkg:pypi/certifi
  size: 160559
  timestamp: 1707022289175
- kind: pypi
  name: ci9ma
  version: 0.1.0
  path: .
  sha256: 6b649846a4ef5d0a68bf7d5e77c23a90aa08d1106c8677b3ef0179eab24c021f
  requires_python: '>=3.11'
  editable: true
- kind: conda
  name: click
  version: 8.1.7
  build: win_pyh7428d3b_0
  subdir: noarch
  noarch: python
  url: https://conda.anaconda.org/conda-forge/noarch/click-8.1.7-win_pyh7428d3b_0.conda
  sha256: 90236b113b9a20041736e80b80ee965167f9aac0468315c55e2bad902d673fb0
  md5: 3549ecbceb6cd77b91a105511b7d0786
  depends:
  - __win
  - colorama
  - python >=3.8
  license: BSD-3-Clause
  license_family: BSD
  purls:
  - pkg:pypi/click
  size: 85051
  timestamp: 1692312207348
- kind: conda
  name: colorama
  version: 0.4.6
  build: pyhd8ed1ab_0
  subdir: noarch
  noarch: python
  url: https://conda.anaconda.org/conda-forge/noarch/colorama-0.4.6-pyhd8ed1ab_0.tar.bz2
  sha256: 2c1b2e9755ce3102bca8d69e8f26e4f087ece73f50418186aee7c74bef8e1698
  md5: 3faab06a954c2a04039983f2c4a50d99
  depends:
  - python >=3.7
  license: BSD-3-Clause
  license_family: BSD
  purls:
  - pkg:pypi/colorama
  size: 25170
  timestamp: 1666700778190
- kind: conda
  name: deprecation
  version: 2.1.0
  build: pyh9f0ad1d_0
  subdir: noarch
  noarch: python
  url: https://conda.anaconda.org/conda-forge/noarch/deprecation-2.1.0-pyh9f0ad1d_0.tar.bz2
  sha256: 2695a60ff355b114d0c459458461d941d2209ec9aff152853b6a3ca8700c94ec
  md5: 7b6747d7cc2076341029cff659669e8b
  depends:
  - packaging
  - python
  license: Apache-2.0
  license_family: Apache
  purls:
  - pkg:pypi/deprecation
  size: 14487
  timestamp: 1589881524975
- kind: conda
  name: exceptiongroup
  version: 1.2.0
  build: pyhd8ed1ab_2
  build_number: 2
  subdir: noarch
  noarch: python
  url: https://conda.anaconda.org/conda-forge/noarch/exceptiongroup-1.2.0-pyhd8ed1ab_2.conda
  sha256: a6ae416383bda0e3ed14eaa187c653e22bec94ff2aa3b56970cdf0032761e80d
  md5: 8d652ea2ee8eaee02ed8dc820bc794aa
  depends:
  - python >=3.7
  license: MIT and PSF-2.0
  purls:
  - pkg:pypi/exceptiongroup
  size: 20551
  timestamp: 1704921321122
- kind: conda
  name: flask
  version: 3.0.3
  build: pyhd8ed1ab_0
  subdir: noarch
  noarch: python
  url: https://conda.anaconda.org/conda-forge/noarch/flask-3.0.3-pyhd8ed1ab_0.conda
  sha256: 2fc508f656fe52cb2f9a69c9c62077934d6a81510256dbe85f95beb7d9620238
  md5: dcdb937144fa20d7757bf512db1ea769
  depends:
  - blinker >=1.6.2
  - click >=8.1.3
  - importlib-metadata >=3.6.0
  - itsdangerous >=2.1.2
  - jinja2 >=3.1.2
  - python >=3.8
  - werkzeug >=3.0.0
  license: BSD-3-Clause
  license_family: BSD
  purls:
  - pkg:pypi/flask
  size: 80797
  timestamp: 1712667841142
- kind: conda
  name: flask-wtf
  version: 1.2.1
  build: pyhd8ed1ab_0
  subdir: noarch
  noarch: python
  url: https://conda.anaconda.org/conda-forge/noarch/flask-wtf-1.2.1-pyhd8ed1ab_0.conda
  sha256: cee583240eec93d27f262f3bb8cdecf8334e502d81923295d98f378b15fe26d5
  md5: e7b75c25f98d7b55943466683e400529
  depends:
  - flask
  - itsdangerous
  - python >=3.8
  - wtforms
  license: BSD-3-Clause
  license_family: BSD
  purls:
  - pkg:pypi/flask-wtf
  size: 16570
  timestamp: 1697216258405
- kind: conda
  name: gotrue
  version: 2.4.2
  build: pyhd8ed1ab_0
  subdir: noarch
  noarch: python
  url: https://conda.anaconda.org/conda-forge/noarch/gotrue-2.4.2-pyhd8ed1ab_0.conda
  sha256: 27a845d396e35a71057f5096cfb1d2079557e29e76990e1ff8eec26b65ab0168
  md5: bb129082d111e868871be0c1f25d9208
  depends:
  - httpx >=0.23,<0.28
  - pydantic >=1.10,<3
  - python >=3.8,<4.0
  license: MIT
  license_family: MIT
  purls:
  - pkg:pypi/gotrue
  size: 32893
  timestamp: 1711499912728
- kind: conda
  name: h11
  version: 0.14.0
  build: pyhd8ed1ab_0
  subdir: noarch
  noarch: python
  url: https://conda.anaconda.org/conda-forge/noarch/h11-0.14.0-pyhd8ed1ab_0.tar.bz2
  sha256: 817d2c77d53afe3f3d9cf7f6eb8745cdd8ea76c7adaa9d7ced75c455a2c2c085
  md5: b21ed0883505ba1910994f1df031a428
  depends:
  - python >=3
  - typing_extensions
  license: MIT
  license_family: MIT
  purls:
  - pkg:pypi/h11
  size: 48251
  timestamp: 1664132995560
- kind: conda
  name: h2
  version: 4.1.0
  build: pyhd8ed1ab_0
  subdir: noarch
  noarch: python
  url: https://conda.anaconda.org/conda-forge/noarch/h2-4.1.0-pyhd8ed1ab_0.tar.bz2
  sha256: bfc6a23849953647f4e255c782e74a0e18fe16f7e25c7bb0bc57b83bb6762c7a
  md5: b748fbf7060927a6e82df7cb5ee8f097
  depends:
  - hpack >=4.0,<5
  - hyperframe >=6.0,<7
  - python >=3.6.1
  license: MIT
  license_family: MIT
  purls:
  - pkg:pypi/h2
  size: 46754
  timestamp: 1634280590080
- kind: conda
  name: hpack
  version: 4.0.0
  build: pyh9f0ad1d_0
  subdir: noarch
  noarch: python
  url: https://conda.anaconda.org/conda-forge/noarch/hpack-4.0.0-pyh9f0ad1d_0.tar.bz2
  sha256: 5dec948932c4f740674b1afb551223ada0c55103f4c7bf86a110454da3d27cb8
  md5: 914d6646c4dbb1fd3ff539830a12fd71
  depends:
  - python
  license: MIT
  license_family: MIT
  purls:
  - pkg:pypi/hpack
  size: 25341
  timestamp: 1598856368685
- kind: conda
  name: httpcore
  version: 1.0.5
  build: pyhd8ed1ab_0
  subdir: noarch
  noarch: python
  url: https://conda.anaconda.org/conda-forge/noarch/httpcore-1.0.5-pyhd8ed1ab_0.conda
  sha256: 4025644200eefa0598e4600a66fd4804a57d9fd7054a5c8c45e508fd875e0b84
  md5: a6b9a0158301e697e4d0a36a3d60e133
  depends:
  - anyio >=3.0,<5.0
  - certifi
  - h11 >=0.13,<0.15
  - h2 >=3,<5
  - python >=3.8
  - sniffio 1.*
  license: BSD-3-Clause
  license_family: BSD
  purls:
  - pkg:pypi/httpcore
  size: 45816
  timestamp: 1711597091407
- kind: conda
  name: httpx
  version: 0.25.2
  build: pyhd8ed1ab_0
  subdir: noarch
  noarch: python
  url: https://conda.anaconda.org/conda-forge/noarch/httpx-0.25.2-pyhd8ed1ab_0.conda
  sha256: 511f591643f9e67470d9217698a78dd40f3e6178798e79060c2142807e1d4861
  md5: 80e638907ed5b5c5109c44660464d1e4
  depends:
  - anyio
  - certifi
  - httpcore 1.*
  - idna
  - python >=3.8
  - sniffio
  license: BSD-3-Clause
  license_family: BSD
  purls:
  - pkg:pypi/httpx
  size: 64306
  timestamp: 1701072741725
- kind: conda
  name: hyperframe
  version: 6.0.1
  build: pyhd8ed1ab_0
  subdir: noarch
  noarch: python
  url: https://conda.anaconda.org/conda-forge/noarch/hyperframe-6.0.1-pyhd8ed1ab_0.tar.bz2
  sha256: e374a9d0f53149328134a8d86f5d72bca4c6dcebed3c0ecfa968c02996289330
  md5: 9f765cbfab6870c8435b9eefecd7a1f4
  depends:
  - python >=3.6
  license: MIT
  license_family: MIT
  purls:
  - pkg:pypi/hyperframe
  size: 14646
  timestamp: 1619110249723
- kind: conda
  name: idna
  version: '3.7'
  build: pyhd8ed1ab_0
  subdir: noarch
  noarch: python
  url: https://conda.anaconda.org/conda-forge/noarch/idna-3.7-pyhd8ed1ab_0.conda
  sha256: 9687ee909ed46169395d4f99a0ee94b80a52f87bed69cd454bb6d37ffeb0ec7b
  md5: c0cc1420498b17414d8617d0b9f506ca
  depends:
  - python >=3.6
  license: BSD-3-Clause
  license_family: BSD
  purls:
  - pkg:pypi/idna
  size: 52718
  timestamp: 1713279497047
- kind: conda
  name: importlib-metadata
  version: 7.1.0
  build: pyha770c72_0
  subdir: noarch
  noarch: python
  url: https://conda.anaconda.org/conda-forge/noarch/importlib-metadata-7.1.0-pyha770c72_0.conda
  sha256: cc2e7d1f7f01cede30feafc1118b7aefa244d0a12224513734e24165ae12ba49
  md5: 0896606848b2dc5cebdf111b6543aa04
  depends:
  - python >=3.8
  - zipp >=0.5
  license: Apache-2.0
  license_family: APACHE
  purls:
  - pkg:pypi/importlib-metadata
  size: 27043
  timestamp: 1710971498183
- kind: conda
  name: itsdangerous
  version: 2.2.0
  build: pyhd8ed1ab_0
  subdir: noarch
  noarch: python
  url: https://conda.anaconda.org/conda-forge/noarch/itsdangerous-2.2.0-pyhd8ed1ab_0.conda
  sha256: 4e933e36e9b0401b62ea8fd63393827ebeb4250de77a56687afb387d504523c5
  md5: ff7ca04134ee8dde1d7cf491a78ef7c7
  depends:
  - python >=3.8
  license: BSD-3-Clause
  license_family: BSD
  purls:
  - pkg:pypi/itsdangerous
  size: 19333
  timestamp: 1713372766463
- kind: conda
  name: jinja2
  version: 3.1.3
  build: pyhd8ed1ab_0
  subdir: noarch
  noarch: python
  url: https://conda.anaconda.org/conda-forge/noarch/jinja2-3.1.3-pyhd8ed1ab_0.conda
  sha256: fd517b7dd3a61eca34f8a6f9f92f306397149cae1204fce72ac3d227107dafdc
  md5: e7d8df6509ba635247ff9aea31134262
  depends:
  - markupsafe >=2.0
  - python >=3.7
  license: BSD-3-Clause
  license_family: BSD
  purls:
  - pkg:pypi/jinja2
  size: 111589
  timestamp: 1704967140287
- kind: conda
  name: libexpat
  version: 2.6.2
  build: h63175ca_0
  subdir: win-64
  url: https://conda.anaconda.org/conda-forge/win-64/libexpat-2.6.2-h63175ca_0.conda
  sha256: 79f612f75108f3e16bbdc127d4885bb74729cf66a8702fca0373dad89d40c4b7
  md5: bc592d03f62779511d392c175dcece64
  constrains:
  - expat 2.6.2.*
  license: MIT
  license_family: MIT
  size: 139224
  timestamp: 1710362609641
- kind: conda
  name: libffi
  version: 3.4.2
  build: h8ffe710_5
  build_number: 5
  subdir: win-64
  url: https://conda.anaconda.org/conda-forge/win-64/libffi-3.4.2-h8ffe710_5.tar.bz2
  sha256: 1951ab740f80660e9bc07d2ed3aefb874d78c107264fd810f24a1a6211d4b1a5
  md5: 2c96d1b6915b408893f9472569dee135
  depends:
  - vc >=14.1,<15.0a0
  - vs2015_runtime >=14.16.27012
  license: MIT
  license_family: MIT
  size: 42063
  timestamp: 1636489106777
- kind: conda
  name: libsqlite
  version: 3.45.3
  build: hcfcfb64_0
  subdir: win-64
  url: https://conda.anaconda.org/conda-forge/win-64/libsqlite-3.45.3-hcfcfb64_0.conda
  sha256: 06ec75faa51d7ec6d5db98889e869b579a9df19d7d3d9baff8359627da4a3b7e
  md5: 73f5dc8e2d55d9a1e14b11f49c3b4a28
  depends:
  - ucrt >=10.0.20348.0
  - vc >=14.2,<15
  - vc14_runtime >=14.29.30139
  license: Unlicense
  size: 870518
  timestamp: 1713367888406
- kind: conda
  name: libzlib
  version: 1.2.13
  build: hcfcfb64_5
  build_number: 5
  subdir: win-64
  url: https://conda.anaconda.org/conda-forge/win-64/libzlib-1.2.13-hcfcfb64_5.conda
  sha256: c161822ee8130b71e08b6d282b9919c1de2c5274b29921a867bca0f7d30cad26
  md5: 5fdb9c6a113b6b6cb5e517fd972d5f41
  depends:
  - ucrt >=10.0.20348.0
  - vc >=14.2,<15
  - vc14_runtime >=14.29.30139
  constrains:
  - zlib 1.2.13 *_5
  license: Zlib
  license_family: Other
  size: 55800
  timestamp: 1686575452215
- kind: conda
  name: markupsafe
  version: 2.1.5
  build: py312he70551f_0
  subdir: win-64
  url: https://conda.anaconda.org/conda-forge/win-64/markupsafe-2.1.5-py312he70551f_0.conda
  sha256: f8690a3c87e2e96cebd434a829bb95cac43afe6c439530b336dc3452fe4ce4af
  md5: 4950a739b19edaac1ed29ca9474e49ac
  depends:
  - python >=3.12,<3.13.0a0
  - python_abi 3.12.* *_cp312
  - ucrt >=10.0.20348.0
  - vc >=14.2,<15
  - vc14_runtime >=14.29.30139
  constrains:
  - jinja2 >=3.0.0
  license: BSD-3-Clause
  license_family: BSD
  purls:
  - pkg:pypi/markupsafe
  size: 29060
  timestamp: 1706900374745
- kind: conda
  name: openssl
  version: 3.3.0
  build: hcfcfb64_0
  subdir: win-64
  url: https://conda.anaconda.org/conda-forge/win-64/openssl-3.3.0-hcfcfb64_0.conda
  sha256: ca7573b7503711b53b2464fa35e4efa6f89dcd3d436fb5f128722b853e356dfd
  md5: a6c544c9f060740c625dbf6d92cf3495
  depends:
  - ca-certificates
  - ucrt >=10.0.20348.0
  - vc >=14.2,<15
  - vc14_runtime >=14.29.30139
  constrains:
  - pyopenssl >=22.1
  license: Apache-2.0
  license_family: Apache
  size: 8358240
  timestamp: 1714468180752
- kind: conda
  name: packaging
  version: '24.0'
  build: pyhd8ed1ab_0
  subdir: noarch
  noarch: python
  url: https://conda.anaconda.org/conda-forge/noarch/packaging-24.0-pyhd8ed1ab_0.conda
  sha256: a390182d74c31dfd713c16db888c92c277feeb6d1fe96ff9d9c105f9564be48a
  md5: 248f521b64ce055e7feae3105e7abeb8
  depends:
  - python >=3.8
  license: Apache-2.0
  license_family: APACHE
  purls:
  - pkg:pypi/packaging
  size: 49832
  timestamp: 1710076089469
- kind: conda
  name: postgrest
  version: 0.16.4
  build: pyhd8ed1ab_0
  subdir: noarch
  noarch: python
  url: https://conda.anaconda.org/conda-forge/noarch/postgrest-0.16.4-pyhd8ed1ab_0.conda
  sha256: 0bab329652d1fabb2a137b77ae2a76652e212e722f6a5ec626a30ec667cb7673
  md5: 07a5242cf91356368fc97aa4b308ebe7
  depends:
  - deprecation >=2.1.0
  - httpx >=0.24.0,<0.26
  - pydantic >=1.9.0,<3
  - python >=3.8
  - strenum >=0.4.9
  license: MIT
  license_family: MIT
  purls:
  - pkg:pypi/postgrest
  size: 21053
  timestamp: 1714493677386
- kind: conda
  name: pydantic
  version: 2.7.1
  build: pyhd8ed1ab_0
  subdir: noarch
  noarch: python
  url: https://conda.anaconda.org/conda-forge/noarch/pydantic-2.7.1-pyhd8ed1ab_0.conda
  sha256: 176862eeca911df9e21a239a19cee1608f899f969e7bc3b3df1da63aaf97c42b
  md5: f5dac044e2aaccf73b85053f6db360b5
  depends:
  - annotated-types >=0.4.0
  - pydantic-core 2.18.2
  - python >=3.7
  - typing-extensions >=4.6.1
  license: MIT
  license_family: MIT
  purls:
  - pkg:pypi/pydantic
  size: 282275
  timestamp: 1713905769522
- kind: conda
  name: pydantic-core
  version: 2.18.2
  build: py312h2615798_0
  subdir: win-64
  url: https://conda.anaconda.org/conda-forge/win-64/pydantic-core-2.18.2-py312h2615798_0.conda
  sha256: 82de91ebd3938dfc8b18f10dbfbe3342580a3051877ffc901023820f821bf4a2
  md5: 5f6755dac07239841c84536a1964df7c
  depends:
  - python >=3.12,<3.13.0a0
  - python_abi 3.12.* *_cp312
  - typing-extensions >=4.6.0,!=4.7.0
  - ucrt >=10.0.20348.0
  - vc >=14.2,<15
  - vc14_runtime >=14.29.30139
  license: MIT
  license_family: MIT
  purls:
  - pkg:pypi/pydantic-core
  size: 1587768
  timestamp: 1713863026726
- kind: conda
  name: python
  version: 3.12.3
  build: h2628c8c_0_cpython
  subdir: win-64
  url: https://conda.anaconda.org/conda-forge/win-64/python-3.12.3-h2628c8c_0_cpython.conda
  sha256: 1a95494abe572a8819c933f978df89f00bde72ea9432d46a70632599e8029ea4
  md5: f07c8c5dd98767f9a652de5d039b284e
  depends:
  - bzip2 >=1.0.8,<2.0a0
  - libexpat >=2.6.2,<3.0a0
  - libffi >=3.4,<4.0a0
  - libsqlite >=3.45.2,<4.0a0
  - libzlib >=1.2.13,<1.3.0a0
  - openssl >=3.2.1,<4.0a0
  - tk >=8.6.13,<8.7.0a0
  - tzdata
  - ucrt >=10.0.20348.0
  - vc >=14.2,<15
  - vc14_runtime >=14.29.30139
  - xz >=5.2.6,<6.0a0
  constrains:
  - python_abi 3.12.* *_cp312
  license: Python-2.0
  size: 16179248
  timestamp: 1713205644673
- kind: conda
  name: python-dateutil
  version: 2.9.0
  build: pyhd8ed1ab_0
  subdir: noarch
  noarch: python
  url: https://conda.anaconda.org/conda-forge/noarch/python-dateutil-2.9.0-pyhd8ed1ab_0.conda
  sha256: f3ceef02ac164a8d3a080d0d32f8e2ebe10dd29e3a685d240e38b3599e146320
  md5: 2cf4264fffb9e6eff6031c5b6884d61c
  depends:
  - python >=3.7
  - six >=1.5
  license: Apache-2.0
  license_family: APACHE
  purls:
  - pkg:pypi/python-dateutil
  size: 222742
  timestamp: 1709299922152
- kind: conda
  name: python-dotenv
  version: 1.0.1
  build: pyhd8ed1ab_0
  subdir: noarch
  noarch: python
  url: https://conda.anaconda.org/conda-forge/noarch/python-dotenv-1.0.1-pyhd8ed1ab_0.conda
  sha256: 2d4c80364f03315d606a50eddd493dbacc078e21412c2462c0f781eec49b572c
  md5: c2997ea9360ac4e015658804a7a84f94
  depends:
  - python >=3.8
  license: BSD-3-Clause
  license_family: BSD
  purls:
  - pkg:pypi/python-dotenv
  size: 24278
  timestamp: 1706018281544
- kind: conda
  name: python_abi
  version: '3.12'
  build: 4_cp312
  build_number: 4
  subdir: win-64
  url: https://conda.anaconda.org/conda-forge/win-64/python_abi-3.12-4_cp312.conda
  sha256: 488f8519d04b48f59bd6fde21ebe2d7a527718ff28aac86a8b53aa63658bdef6
  md5: 17f4ccf6be9ded08bd0a376f489ac1a6
  constrains:
  - python 3.12.* *_cpython
  license: BSD-3-Clause
  license_family: BSD
  size: 6785
  timestamp: 1695147430513
- kind: conda
  name: realtime
  version: 1.0.4
  build: pyhd8ed1ab_0
  subdir: noarch
  noarch: python
  url: https://conda.anaconda.org/conda-forge/noarch/realtime-1.0.4-pyhd8ed1ab_0.conda
  sha256: 6373b820e0375354de92033103d8bd1a055382cc5cd3e421a29d2ad521e5407f
  md5: af89c18cfcfbc664b20f9a2aba852ddf
  depends:
  - python >=3.8
  - python-dateutil >=2.8.1
  - typing-extensions >=4.2.0
  - websockets >=11
  license: MIT
  license_family: MIT
  purls:
  - pkg:pypi/realtime
  size: 14586
  timestamp: 1713017396267
- kind: conda
  name: six
  version: 1.16.0
  build: pyh6c4a22f_0
  subdir: noarch
  noarch: python
  url: https://conda.anaconda.org/conda-forge/noarch/six-1.16.0-pyh6c4a22f_0.tar.bz2
  sha256: a85c38227b446f42c5b90d9b642f2c0567880c15d72492d8da074a59c8f91dd6
  md5: e5f25f8dbc060e9a8d912e432202afc2
  depends:
  - python
  license: MIT
  license_family: MIT
  purls:
  - pkg:pypi/six
  size: 14259
  timestamp: 1620240338595
- kind: conda
  name: sniffio
  version: 1.3.1
  build: pyhd8ed1ab_0
  subdir: noarch
  noarch: python
  url: https://conda.anaconda.org/conda-forge/noarch/sniffio-1.3.1-pyhd8ed1ab_0.conda
  sha256: bc12100b2d8836b93c55068b463190505b8064d0fc7d025e89f20ebf22fe6c2b
  md5: 490730480d76cf9c8f8f2849719c6e2b
  depends:
  - python >=3.7
  license: Apache-2.0
  license_family: Apache
  purls:
  - pkg:pypi/sniffio
  size: 15064
  timestamp: 1708953086199
- kind: conda
  name: storage3
  version: 0.7.4
  build: pyhd8ed1ab_0
  subdir: noarch
  noarch: python
  url: https://conda.anaconda.org/conda-forge/noarch/storage3-0.7.4-pyhd8ed1ab_0.conda
  sha256: d2281bddafecdfaf21ef468801ba164d9516a69b81c953ba0e51f22a22c21415
  md5: 87badbc016cab5025abfd20b4f775504
  depends:
  - httpx >=0.24.0,<0.26
  - python >=3.8
  - python-dateutil >=2.8.2
  - typing-extensions >=4.2.0
  license: MIT
  license_family: MIT
  purls:
  - pkg:pypi/storage3
  size: 16263
  timestamp: 1711252120035
- kind: conda
  name: strenum
  version: 0.4.15
  build: pyhd8ed1ab_0
  subdir: noarch
  noarch: python
  url: https://conda.anaconda.org/conda-forge/noarch/strenum-0.4.15-pyhd8ed1ab_0.conda
  sha256: 5485ac4ae9b8293227ea752c974badbd80386b38b4da854b6ab0bb394842b493
  md5: cac60248692d2f66c5a197e3c18ff511
  depends:
  - python >=3.6
  license: MIT
  license_family: MIT
  purls:
  - pkg:pypi/strenum
  size: 13882
  timestamp: 1688131997313
- kind: conda
  name: supabase
  version: 2.4.5
  build: pyhd8ed1ab_0
  subdir: noarch
  noarch: python
  url: https://conda.anaconda.org/conda-forge/noarch/supabase-2.4.5-pyhd8ed1ab_0.conda
  sha256: 5425906a7cc6c3186bbed3814d845c051a73c0a8c79e8ad3c149a8e9c990ed45
  md5: afbced36ce57d5b8b1991e19c1b4c49e
  depends:
  - gotrue >=1.3,<3.0
  - httpx >=0.24,<0.28
  - postgrest >=0.14,<0.17.0
  - python >=3.8.0,<4.0.0
  - realtime >=1.0.0,<2.0.0
  - storage3 >=0.5.3,<0.8.0
  - supafunc >=0.3.1,<0.5.0
  license: MIT
  license_family: MIT
  purls:
  - pkg:pypi/supabase
  size: 17730
  timestamp: 1714608843029
- kind: conda
  name: supafunc
  version: 0.4.5
  build: pyhd8ed1ab_0
  subdir: noarch
  noarch: python
  url: https://conda.anaconda.org/conda-forge/noarch/supafunc-0.4.5-pyhd8ed1ab_0.conda
  sha256: 8f8bec40e3819a6e52fec8ccc2ff1203c9665e2cb9b1bfdc7074ad928e9d64a8
  md5: 1553a3a591ae1aaa21b39f2a54beb8c1
  depends:
  - httpx >=0.24.0,<0.26
  - python >=3.8
  license: MIT
  license_family: MIT
  purls:
  - pkg:pypi/supafunc
  size: 11156
  timestamp: 1711243847500
- kind: conda
  name: tk
  version: 8.6.13
  build: h5226925_1
  build_number: 1
  subdir: win-64
  url: https://conda.anaconda.org/conda-forge/win-64/tk-8.6.13-h5226925_1.conda
  sha256: 2c4e914f521ccb2718946645108c9bd3fc3216ba69aea20c2c3cedbd8db32bb1
  md5: fc048363eb8f03cd1737600a5d08aafe
  depends:
  - ucrt >=10.0.20348.0
  - vc >=14.2,<15
  - vc14_runtime >=14.29.30139
  license: TCL
  license_family: BSD
  size: 3503410
  timestamp: 1699202577803
- kind: conda
  name: typing-extensions
  version: 4.11.0
  build: hd8ed1ab_0
  subdir: noarch
  noarch: python
  url: https://conda.anaconda.org/conda-forge/noarch/typing-extensions-4.11.0-hd8ed1ab_0.conda
  sha256: aecbd9c601ba5a6c128da8975276fd817b968a9edc969b7ae97aee76e80a14a6
  md5: 471e3988f8ca5e9eb3ce6be7eac3bcee
  depends:
  - typing_extensions 4.11.0 pyha770c72_0
  license: PSF-2.0
  license_family: PSF
  size: 10093
  timestamp: 1712330094282
- kind: conda
  name: typing_extensions
  version: 4.11.0
  build: pyha770c72_0
  subdir: noarch
  noarch: python
  url: https://conda.anaconda.org/conda-forge/noarch/typing_extensions-4.11.0-pyha770c72_0.conda
  sha256: a7e8714d14f854058e971a6ed44f18cc37cc685f98ddefb2e6b7899a0cc4d1a2
  md5: 6ef2fc37559256cf682d8b3375e89b80
  depends:
  - python >=3.8
  license: PSF-2.0
  license_family: PSF
  purls:
  - pkg:pypi/typing-extensions
  size: 37583
  timestamp: 1712330089194
- kind: conda
  name: tzdata
  version: 2024a
  build: h0c530f3_0
  subdir: noarch
  noarch: generic
  url: https://conda.anaconda.org/conda-forge/noarch/tzdata-2024a-h0c530f3_0.conda
  sha256: 7b2b69c54ec62a243eb6fba2391b5e443421608c3ae5dbff938ad33ca8db5122
  md5: 161081fc7cec0bfda0d86d7cb595f8d8
  license: LicenseRef-Public-Domain
  size: 119815
  timestamp: 1706886945727
- kind: conda
  name: ucrt
  version: 10.0.22621.0
  build: h57928b3_0
  subdir: win-64
  url: https://conda.anaconda.org/conda-forge/win-64/ucrt-10.0.22621.0-h57928b3_0.tar.bz2
  sha256: f29cdaf8712008f6b419b8b1a403923b00ab2504bfe0fb2ba8eb60e72d4f14c6
  md5: 72608f6cd3e5898229c3ea16deb1ac43
  constrains:
  - vs2015_runtime >=14.29.30037
  license: LicenseRef-Proprietary
  license_family: PROPRIETARY
  size: 1283972
  timestamp: 1666630199266
- kind: conda
  name: vc
  version: '14.3'
  build: hcf57466_18
  build_number: 18
  subdir: win-64
  url: https://conda.anaconda.org/conda-forge/win-64/vc-14.3-hcf57466_18.conda
  sha256: 447a8d8292a7b2107dcc18afb67f046824711a652725fc0f522c368e7a7b8318
  md5: 20e1e652a4c740fa719002a8449994a2
  depends:
  - vc14_runtime >=14.38.33130
  track_features:
  - vc14
  license: BSD-3-Clause
  license_family: BSD
  size: 16977
  timestamp: 1702511255313
- kind: conda
  name: vc14_runtime
  version: 14.38.33130
  build: h82b7239_18
  build_number: 18
  subdir: win-64
  url: https://conda.anaconda.org/conda-forge/win-64/vc14_runtime-14.38.33130-h82b7239_18.conda
  sha256: bf94c9af4b2e9cba88207001197e695934eadc96a5c5e4cd7597e950aae3d8ff
  md5: 8be79fdd2725ddf7bbf8a27a4c1f79ba
  depends:
  - ucrt >=10.0.20348.0
  constrains:
  - vs2015_runtime 14.38.33130.* *_18
  license: LicenseRef-ProprietaryMicrosoft
  license_family: Proprietary
  size: 749868
  timestamp: 1702511239004
- kind: conda
  name: vs2015_runtime
  version: 14.38.33130
  build: hcb4865c_18
  build_number: 18
  subdir: win-64
  url: https://conda.anaconda.org/conda-forge/win-64/vs2015_runtime-14.38.33130-hcb4865c_18.conda
  sha256: a2fec221f361d6263c117f4ea6d772b21c90a2f8edc6f3eb0eadec6bfe8843db
  md5: 10d42885e3ed84e575b454db30f1aa93
  depends:
  - vc14_runtime >=14.38.33130
  license: BSD-3-Clause
  license_family: BSD
  size: 16988
  timestamp: 1702511261442
- kind: conda
  name: websockets
  version: '12.0'
  build: py312he70551f_0
  subdir: win-64
  url: https://conda.anaconda.org/conda-forge/win-64/websockets-12.0-py312he70551f_0.conda
  sha256: aa51f9c14074b6602a0814c6ef51dffe6e8bf052f71a7ce4750249f3e6881cbe
  md5: 56cb8385219f027022509be41c36e931
  depends:
  - python >=3.12,<3.13.0a0
  - python_abi 3.12.* *_cp312
  - ucrt >=10.0.20348.0
  - vc >=14.2,<15
  - vc14_runtime >=14.29.30139
  license: BSD-3-Clause
  license_family: BSD
  purls:
  - pkg:pypi/websockets
  size: 204600
  timestamp: 1697915472489
- kind: conda
  name: werkzeug
  version: 3.0.3
  build: pyhd8ed1ab_0
  subdir: noarch
  noarch: python
  url: https://conda.anaconda.org/conda-forge/noarch/werkzeug-3.0.3-pyhd8ed1ab_0.conda
  sha256: a77d0c67096999c35854e0480e3b978ef72ee008e295e92b0dc67116b2398661
  md5: 2e60f5f388845027ee87fca6bee4ac23
  depends:
  - markupsafe >=2.1.1
  - python >=3.8
  license: BSD-3-Clause
  license_family: BSD
  purls:
  - pkg:pypi/werkzeug
  size: 242920
  timestamp: 1715000337645
- kind: conda
  name: wtforms
  version: 3.1.2
  build: pyhd8ed1ab_0
  subdir: noarch
  noarch: python
  url: https://conda.anaconda.org/conda-forge/noarch/wtforms-3.1.2-pyhd8ed1ab_0.conda
  sha256: 6d3ae74038e34945daf8e091b7fa85741162c0db6e989da4d0f8164d84a4cbce
  md5: 1e60bfa73e13b1ca9c439c6938664ab4
  depends:
  - markupsafe
  - python >=3.8
  license: BSD-3-Clause
  license_family: BSD
  purls:
  - pkg:pypi/wtforms
  size: 73667
  timestamp: 1708541368792
- kind: conda
  name: xz
  version: 5.2.6
  build: h8d14728_0
  subdir: win-64
  url: https://conda.anaconda.org/conda-forge/win-64/xz-5.2.6-h8d14728_0.tar.bz2
  sha256: 54d9778f75a02723784dc63aff4126ff6e6749ba21d11a6d03c1f4775f269fe0
  md5: 515d77642eaa3639413c6b1bc3f94219
  depends:
  - vc >=14.1,<15
  - vs2015_runtime >=14.16.27033
  license: LGPL-2.1 and GPL-2.0
  size: 217804
  timestamp: 1660346976440
- kind: conda
  name: zipp
  version: 3.17.0
  build: pyhd8ed1ab_0
  subdir: noarch
  noarch: python
  url: https://conda.anaconda.org/conda-forge/noarch/zipp-3.17.0-pyhd8ed1ab_0.conda
  sha256: bced1423fdbf77bca0a735187d05d9b9812d2163f60ab426fc10f11f92ecbe26
  md5: 2e4d6bc0b14e10f895fc6791a7d9b26a
  depends:
  - python >=3.8
  license: MIT
  license_family: MIT
  purls:
  - pkg:pypi/zipp
  size: 18954
  timestamp: 1695255262261
